// !$*UTF8*$!
{
	archiveVersion = 1;
	classes = {
	};
	objectVersion = 55;
	objects = {

/* Begin PBXBuildFile section */
		A42573B928A9230400E12AE3 /* AppDelegate.swift in Sources */ = {isa = PBXBuildFile; fileRef = A42573B828A9230400E12AE3 /* AppDelegate.swift */; };
		A42573BB28A9230400E12AE3 /* SceneDelegate.swift in Sources */ = {isa = PBXBuildFile; fileRef = A42573BA28A9230400E12AE3 /* SceneDelegate.swift */; };
		A42573BD28A9230400E12AE3 /* ViewController.swift in Sources */ = {isa = PBXBuildFile; fileRef = A42573BC28A9230400E12AE3 /* ViewController.swift */; };
		A42573C228A9230500E12AE3 /* Assets.xcassets in Resources */ = {isa = PBXBuildFile; fileRef = A42573C128A9230500E12AE3 /* Assets.xcassets */; };
		A42573C528A9230500E12AE3 /* LaunchScreen.storyboard in Resources */ = {isa = PBXBuildFile; fileRef = A42573C328A9230500E12AE3 /* LaunchScreen.storyboard */; };
		A42573D028A9230500E12AE3 /* PersonalProfileTests.swift in Sources */ = {isa = PBXBuildFile; fileRef = A42573CF28A9230500E12AE3 /* PersonalProfileTests.swift */; };
		A42573DA28A9230500E12AE3 /* PersonalProfileUITests.swift in Sources */ = {isa = PBXBuildFile; fileRef = A42573D928A9230500E12AE3 /* PersonalProfileUITests.swift */; };
		A42573DC28A9230500E12AE3 /* PersonalProfileUITestsLaunchTests.swift in Sources */ = {isa = PBXBuildFile; fileRef = A42573DB28A9230500E12AE3 /* PersonalProfileUITestsLaunchTests.swift */; };
/* End PBXBuildFile section */

/* Begin PBXContainerItemProxy section */
		A42573CC28A9230500E12AE3 /* PBXContainerItemProxy */ = {
			isa = PBXContainerItemProxy;
			containerPortal = A42573AD28A9230400E12AE3 /* Project object */;
			proxyType = 1;
			remoteGlobalIDString = A42573B428A9230400E12AE3;
			remoteInfo = PersonalProfile;
		};
		A42573D628A9230500E12AE3 /* PBXContainerItemProxy */ = {
			isa = PBXContainerItemProxy;
			containerPortal = A42573AD28A9230400E12AE3 /* Project object */;
			proxyType = 1;
			remoteGlobalIDString = A42573B428A9230400E12AE3;
			remoteInfo = PersonalProfile;
		};
/* End PBXContainerItemProxy section */

/* Begin PBXFileReference section */
		A42573B528A9230400E12AE3 /* PersonalProfile.app */ = {isa = PBXFileReference; explicitFileType = wrapper.application; includeInIndex = 0; path = PersonalProfile.app; sourceTree = BUILT_PRODUCTS_DIR; };
		A42573B828A9230400E12AE3 /* AppDelegate.swift */ = {isa = PBXFileReference; lastKnownFileType = sourcecode.swift; path = AppDelegate.swift; sourceTree = "<group>"; };
		A42573BA28A9230400E12AE3 /* SceneDelegate.swift */ = {isa = PBXFileReference; lastKnownFileType = sourcecode.swift; path = SceneDelegate.swift; sourceTree = "<group>"; };
		A42573BC28A9230400E12AE3 /* ViewController.swift */ = {isa = PBXFileReference; lastKnownFileType = sourcecode.swift; path = ViewController.swift; sourceTree = "<group>"; };
		A42573C128A9230500E12AE3 /* Assets.xcassets */ = {isa = PBXFileReference; lastKnownFileType = folder.assetcatalog; path = Assets.xcassets; sourceTree = "<group>"; };
		A42573C428A9230500E12AE3 /* Base */ = {isa = PBXFileReference; lastKnownFileType = file.storyboard; name = Base; path = Base.lproj/LaunchScreen.storyboard; sourceTree = "<group>"; };
		A42573C628A9230500E12AE3 /* Info.plist */ = {isa = PBXFileReference; lastKnownFileType = text.plist.xml; path = Info.plist; sourceTree = "<group>"; };
		A42573CB28A9230500E12AE3 /* PersonalProfileTests.xctest */ = {isa = PBXFileReference; explicitFileType = wrapper.cfbundle; includeInIndex = 0; path = PersonalProfileTests.xctest; sourceTree = BUILT_PRODUCTS_DIR; };
		A42573CF28A9230500E12AE3 /* PersonalProfileTests.swift */ = {isa = PBXFileReference; lastKnownFileType = sourcecode.swift; path = PersonalProfileTests.swift; sourceTree = "<group>"; };
		A42573D528A9230500E12AE3 /* PersonalProfileUITests.xctest */ = {isa = PBXFileReference; explicitFileType = wrapper.cfbundle; includeInIndex = 0; path = PersonalProfileUITests.xctest; sourceTree = BUILT_PRODUCTS_DIR; };
		A42573D928A9230500E12AE3 /* PersonalProfileUITests.swift */ = {isa = PBXFileReference; lastKnownFileType = sourcecode.swift; path = PersonalProfileUITests.swift; sourceTree = "<group>"; };
		A42573DB28A9230500E12AE3 /* PersonalProfileUITestsLaunchTests.swift */ = {isa = PBXFileReference; lastKnownFileType = sourcecode.swift; path = PersonalProfileUITestsLaunchTests.swift; sourceTree = "<group>"; };
/* End PBXFileReference section */

/* Begin PBXFrameworksBuildPhase section */
		A42573B228A9230400E12AE3 /* Frameworks */ = {
			isa = PBXFrameworksBuildPhase;
			buildActionMask = 2147483647;
			files = (
			);
			runOnlyForDeploymentPostprocessing = 0;
		};
		A42573C828A9230500E12AE3 /* Frameworks */ = {
			isa = PBXFrameworksBuildPhase;
			buildActionMask = 2147483647;
			files = (
			);
			runOnlyForDeploymentPostprocessing = 0;
		};
		A42573D228A9230500E12AE3 /* Frameworks */ = {
			isa = PBXFrameworksBuildPhase;
			buildActionMask = 2147483647;
			files = (
			);
			runOnlyForDeploymentPostprocessing = 0;
		};
/* End PBXFrameworksBuildPhase section */

/* Begin PBXGroup section */
		A42573AC28A9230400E12AE3 = {
			isa = PBXGroup;
			children = (
				A42573B728A9230400E12AE3 /* PersonalProfile */,
				A42573CE28A9230500E12AE3 /* PersonalProfileTests */,
				A42573D828A9230500E12AE3 /* PersonalProfileUITests */,
				A42573B628A9230400E12AE3 /* Products */,
			);
			sourceTree = "<group>";
		};
		A42573B628A9230400E12AE3 /* Products */ = {
			isa = PBXGroup;
			children = (
				A42573B528A9230400E12AE3 /* PersonalProfile.app */,
				A42573CB28A9230500E12AE3 /* PersonalProfileTests.xctest */,
				A42573D528A9230500E12AE3 /* PersonalProfileUITests.xctest */,
			);
			name = Products;
			sourceTree = "<group>";
		};
		A42573B728A9230400E12AE3 /* PersonalProfile */ = {
			isa = PBXGroup;
			children = (
				A42573B828A9230400E12AE3 /* AppDelegate.swift */,
				A42573BA28A9230400E12AE3 /* SceneDelegate.swift */,
				A42573BC28A9230400E12AE3 /* ViewController.swift */,
				A42573C128A9230500E12AE3 /* Assets.xcassets */,
				A42573C328A9230500E12AE3 /* LaunchScreen.storyboard */,
				A42573C628A9230500E12AE3 /* Info.plist */,
			);
			path = PersonalProfile;
			sourceTree = "<group>";
		};
		A42573CE28A9230500E12AE3 /* PersonalProfileTests */ = {
			isa = PBXGroup;
			children = (
				A42573CF28A9230500E12AE3 /* PersonalProfileTests.swift */,
			);
			path = PersonalProfileTests;
			sourceTree = "<group>";
		};
		A42573D828A9230500E12AE3 /* PersonalProfileUITests */ = {
			isa = PBXGroup;
			children = (
				A42573D928A9230500E12AE3 /* PersonalProfileUITests.swift */,
				A42573DB28A9230500E12AE3 /* PersonalProfileUITestsLaunchTests.swift */,
			);
			path = PersonalProfileUITests;
			sourceTree = "<group>";
		};
/* End PBXGroup section */

/* Begin PBXNativeTarget section */
		A42573B428A9230400E12AE3 /* PersonalProfile */ = {
			isa = PBXNativeTarget;
			buildConfigurationList = A42573DF28A9230500E12AE3 /* Build configuration list for PBXNativeTarget "PersonalProfile" */;
			buildPhases = (
				A42573B128A9230400E12AE3 /* Sources */,
				A42573B228A9230400E12AE3 /* Frameworks */,
				A42573B328A9230400E12AE3 /* Resources */,
			);
			buildRules = (
			);
			dependencies = (
			);
			name = PersonalProfile;
			productName = PersonalProfile;
			productReference = A42573B528A9230400E12AE3 /* PersonalProfile.app */;
			productType = "com.apple.product-type.application";
		};
		A42573CA28A9230500E12AE3 /* PersonalProfileTests */ = {
			isa = PBXNativeTarget;
			buildConfigurationList = A42573E228A9230500E12AE3 /* Build configuration list for PBXNativeTarget "PersonalProfileTests" */;
			buildPhases = (
				A42573C728A9230500E12AE3 /* Sources */,
				A42573C828A9230500E12AE3 /* Frameworks */,
				A42573C928A9230500E12AE3 /* Resources */,
			);
			buildRules = (
			);
			dependencies = (
				A42573CD28A9230500E12AE3 /* PBXTargetDependency */,
			);
			name = PersonalProfileTests;
			productName = PersonalProfileTests;
			productReference = A42573CB28A9230500E12AE3 /* PersonalProfileTests.xctest */;
			productType = "com.apple.product-type.bundle.unit-test";
		};
		A42573D428A9230500E12AE3 /* PersonalProfileUITests */ = {
			isa = PBXNativeTarget;
			buildConfigurationList = A42573E528A9230500E12AE3 /* Build configuration list for PBXNativeTarget "PersonalProfileUITests" */;
			buildPhases = (
				A42573D128A9230500E12AE3 /* Sources */,
				A42573D228A9230500E12AE3 /* Frameworks */,
				A42573D328A9230500E12AE3 /* Resources */,
			);
			buildRules = (
			);
			dependencies = (
				A42573D728A9230500E12AE3 /* PBXTargetDependency */,
			);
			name = PersonalProfileUITests;
			productName = PersonalProfileUITests;
			productReference = A42573D528A9230500E12AE3 /* PersonalProfileUITests.xctest */;
			productType = "com.apple.product-type.bundle.ui-testing";
		};
/* End PBXNativeTarget section */

/* Begin PBXProject section */
		A42573AD28A9230400E12AE3 /* Project object */ = {
			isa = PBXProject;
			attributes = {
				BuildIndependentTargetsInParallel = 1;
				LastSwiftUpdateCheck = 1320;
				LastUpgradeCheck = 1320;
				TargetAttributes = {
					A42573B428A9230400E12AE3 = {
						CreatedOnToolsVersion = 13.2.1;
					};
					A42573CA28A9230500E12AE3 = {
						CreatedOnToolsVersion = 13.2.1;
						TestTargetID = A42573B428A9230400E12AE3;
					};
					A42573D428A9230500E12AE3 = {
						CreatedOnToolsVersion = 13.2.1;
						TestTargetID = A42573B428A9230400E12AE3;
					};
				};
			};
			buildConfigurationList = A42573B028A9230400E12AE3 /* Build configuration list for PBXProject "PersonalProfile" */;
			compatibilityVersion = "Xcode 13.0";
			developmentRegion = en;
			hasScannedForEncodings = 0;
			knownRegions = (
				en,
				Base,
			);
			mainGroup = A42573AC28A9230400E12AE3;
			productRefGroup = A42573B628A9230400E12AE3 /* Products */;
			projectDirPath = "";
			projectRoot = "";
			targets = (
				A42573B428A9230400E12AE3 /* PersonalProfile */,
				A42573CA28A9230500E12AE3 /* PersonalProfileTests */,
				A42573D428A9230500E12AE3 /* PersonalProfileUITests */,
			);
		};
/* End PBXProject section */

/* Begin PBXResourcesBuildPhase section */
		A42573B328A9230400E12AE3 /* Resources */ = {
			isa = PBXResourcesBuildPhase;
			buildActionMask = 2147483647;
			files = (
				A42573C528A9230500E12AE3 /* LaunchScreen.storyboard in Resources */,
				A42573C228A9230500E12AE3 /* Assets.xcassets in Resources */,
			);
			runOnlyForDeploymentPostprocessing = 0;
		};
		A42573C928A9230500E12AE3 /* Resources */ = {
			isa = PBXResourcesBuildPhase;
			buildActionMask = 2147483647;
			files = (
			);
			runOnlyForDeploymentPostprocessing = 0;
		};
		A42573D328A9230500E12AE3 /* Resources */ = {
			isa = PBXResourcesBuildPhase;
			buildActionMask = 2147483647;
			files = (
			);
			runOnlyForDeploymentPostprocessing = 0;
		};
/* End PBXResourcesBuildPhase section */

/* Begin PBXSourcesBuildPhase section */
		A42573B128A9230400E12AE3 /* Sources */ = {
			isa = PBXSourcesBuildPhase;
			buildActionMask = 2147483647;
			files = (
				A42573BD28A9230400E12AE3 /* ViewController.swift in Sources */,
				A42573B928A9230400E12AE3 /* AppDelegate.swift in Sources */,
				A42573BB28A9230400E12AE3 /* SceneDelegate.swift in Sources */,
			);
			runOnlyForDeploymentPostprocessing = 0;
		};
		A42573C728A9230500E12AE3 /* Sources */ = {
			isa = PBXSourcesBuildPhase;
			buildActionMask = 2147483647;
			files = (
				A42573D028A9230500E12AE3 /* PersonalProfileTests.swift in Sources */,
			);
			runOnlyForDeploymentPostprocessing = 0;
		};
		A42573D128A9230500E12AE3 /* Sources */ = {
			isa = PBXSourcesBuildPhase;
			buildActionMask = 2147483647;
			files = (
				A42573DC28A9230500E12AE3 /* PersonalProfileUITestsLaunchTests.swift in Sources */,
				A42573DA28A9230500E12AE3 /* PersonalProfileUITests.swift in Sources */,
			);
			runOnlyForDeploymentPostprocessing = 0;
		};
/* End PBXSourcesBuildPhase section */

/* Begin PBXTargetDependency section */
		A42573CD28A9230500E12AE3 /* PBXTargetDependency */ = {
			isa = PBXTargetDependency;
			target = A42573B428A9230400E12AE3 /* PersonalProfile */;
			targetProxy = A42573CC28A9230500E12AE3 /* PBXContainerItemProxy */;
		};
		A42573D728A9230500E12AE3 /* PBXTargetDependency */ = {
			isa = PBXTargetDependency;
			target = A42573B428A9230400E12AE3 /* PersonalProfile */;
			targetProxy = A42573D628A9230500E12AE3 /* PBXContainerItemProxy */;
		};
/* End PBXTargetDependency section */

/* Begin PBXVariantGroup section */
		A42573C328A9230500E12AE3 /* LaunchScreen.storyboard */ = {
			isa = PBXVariantGroup;
			children = (
				A42573C428A9230500E12AE3 /* Base */,
			);
			name = LaunchScreen.storyboard;
			sourceTree = "<group>";
		};
/* End PBXVariantGroup section */

/* Begin XCBuildConfiguration section */
		A42573DD28A9230500E12AE3 /* Debug */ = {
			isa = XCBuildConfiguration;
			buildSettings = {
				ALWAYS_SEARCH_USER_PATHS = NO;
				CLANG_ANALYZER_NONNULL = YES;
				CLANG_ANALYZER_NUMBER_OBJECT_CONVERSION = YES_AGGRESSIVE;
				CLANG_CXX_LANGUAGE_STANDARD = "gnu++17";
				CLANG_CXX_LIBRARY = "libc++";
				CLANG_ENABLE_MODULES = YES;
				CLANG_ENABLE_OBJC_ARC = YES;
				CLANG_ENABLE_OBJC_WEAK = YES;
				CLANG_WARN_BLOCK_CAPTURE_AUTORELEASING = YES;
				CLANG_WARN_BOOL_CONVERSION = YES;
				CLANG_WARN_COMMA = YES;
				CLANG_WARN_CONSTANT_CONVERSION = YES;
				CLANG_WARN_DEPRECATED_OBJC_IMPLEMENTATIONS = YES;
				CLANG_WARN_DIRECT_OBJC_ISA_USAGE = YES_ERROR;
				CLANG_WARN_DOCUMENTATION_COMMENTS = YES;
				CLANG_WARN_EMPTY_BODY = YES;
				CLANG_WARN_ENUM_CONVERSION = YES;
				CLANG_WARN_INFINITE_RECURSION = YES;
				CLANG_WARN_INT_CONVERSION = YES;
				CLANG_WARN_NON_LITERAL_NULL_CONVERSION = YES;
				CLANG_WARN_OBJC_IMPLICIT_RETAIN_SELF = YES;
				CLANG_WARN_OBJC_LITERAL_CONVERSION = YES;
				CLANG_WARN_OBJC_ROOT_CLASS = YES_ERROR;
				CLANG_WARN_QUOTED_INCLUDE_IN_FRAMEWORK_HEADER = YES;
				CLANG_WARN_RANGE_LOOP_ANALYSIS = YES;
				CLANG_WARN_STRICT_PROTOTYPES = YES;
				CLANG_WARN_SUSPICIOUS_MOVE = YES;
				CLANG_WARN_UNGUARDED_AVAILABILITY = YES_AGGRESSIVE;
				CLANG_WARN_UNREACHABLE_CODE = YES;
				CLANG_WARN__DUPLICATE_METHOD_MATCH = YES;
				COPY_PHASE_STRIP = NO;
				DEBUG_INFORMATION_FORMAT = dwarf;
				ENABLE_STRICT_OBJC_MSGSEND = YES;
				ENABLE_TESTABILITY = YES;
				GCC_C_LANGUAGE_STANDARD = gnu11;
				GCC_DYNAMIC_NO_PIC = NO;
				GCC_NO_COMMON_BLOCKS = YES;
				GCC_OPTIMIZATION_LEVEL = 0;
				GCC_PREPROCESSOR_DEFINITIONS = (
					"DEBUG=1",
					"$(inherited)",
				);
				GCC_WARN_64_TO_32_BIT_CONVERSION = YES;
				GCC_WARN_ABOUT_RETURN_TYPE = YES_ERROR;
				GCC_WARN_UNDECLARED_SELECTOR = YES;
				GCC_WARN_UNINITIALIZED_AUTOS = YES_AGGRESSIVE;
				GCC_WARN_UNUSED_FUNCTION = YES;
				GCC_WARN_UNUSED_VARIABLE = YES;
				IPHONEOS_DEPLOYMENT_TARGET = 15.2;
				MTL_ENABLE_DEBUG_INFO = INCLUDE_SOURCE;
				MTL_FAST_MATH = YES;
				ONLY_ACTIVE_ARCH = YES;
				SDKROOT = iphoneos;
				SWIFT_ACTIVE_COMPILATION_CONDITIONS = DEBUG;
				SWIFT_OPTIMIZATION_LEVEL = "-Onone";
			};
			name = Debug;
		};
		A42573DE28A9230500E12AE3 /* Release */ = {
			isa = XCBuildConfiguration;
			buildSettings = {
				ALWAYS_SEARCH_USER_PATHS = NO;
				CLANG_ANALYZER_NONNULL = YES;
				CLANG_ANALYZER_NUMBER_OBJECT_CONVERSION = YES_AGGRESSIVE;
				CLANG_CXX_LANGUAGE_STANDARD = "gnu++17";
				CLANG_CXX_LIBRARY = "libc++";
				CLANG_ENABLE_MODULES = YES;
				CLANG_ENABLE_OBJC_ARC = YES;
				CLANG_ENABLE_OBJC_WEAK = YES;
				CLANG_WARN_BLOCK_CAPTURE_AUTORELEASING = YES;
				CLANG_WARN_BOOL_CONVERSION = YES;
				CLANG_WARN_COMMA = YES;
				CLANG_WARN_CONSTANT_CONVERSION = YES;
				CLANG_WARN_DEPRECATED_OBJC_IMPLEMENTATIONS = YES;
				CLANG_WARN_DIRECT_OBJC_ISA_USAGE = YES_ERROR;
				CLANG_WARN_DOCUMENTATION_COMMENTS = YES;
				CLANG_WARN_EMPTY_BODY = YES;
				CLANG_WARN_ENUM_CONVERSION = YES;
				CLANG_WARN_INFINITE_RECURSION = YES;
				CLANG_WARN_INT_CONVERSION = YES;
				CLANG_WARN_NON_LITERAL_NULL_CONVERSION = YES;
				CLANG_WARN_OBJC_IMPLICIT_RETAIN_SELF = YES;
				CLANG_WARN_OBJC_LITERAL_CONVERSION = YES;
				CLANG_WARN_OBJC_ROOT_CLASS = YES_ERROR;
				CLANG_WARN_QUOTED_INCLUDE_IN_FRAMEWORK_HEADER = YES;
				CLANG_WARN_RANGE_LOOP_ANALYSIS = YES;
				CLANG_WARN_STRICT_PROTOTYPES = YES;
				CLANG_WARN_SUSPICIOUS_MOVE = YES;
				CLANG_WARN_UNGUARDED_AVAILABILITY = YES_AGGRESSIVE;
				CLANG_WARN_UNREACHABLE_CODE = YES;
				CLANG_WARN__DUPLICATE_METHOD_MATCH = YES;
				COPY_PHASE_STRIP = NO;
				DEBUG_INFORMATION_FORMAT = "dwarf-with-dsym";
				ENABLE_NS_ASSERTIONS = NO;
				ENABLE_STRICT_OBJC_MSGSEND = YES;
				GCC_C_LANGUAGE_STANDARD = gnu11;
				GCC_NO_COMMON_BLOCKS = YES;
				GCC_WARN_64_TO_32_BIT_CONVERSION = YES;
				GCC_WARN_ABOUT_RETURN_TYPE = YES_ERROR;
				GCC_WARN_UNDECLARED_SELECTOR = YES;
				GCC_WARN_UNINITIALIZED_AUTOS = YES_AGGRESSIVE;
				GCC_WARN_UNUSED_FUNCTION = YES;
				GCC_WARN_UNUSED_VARIABLE = YES;
				IPHONEOS_DEPLOYMENT_TARGET = 15.2;
				MTL_ENABLE_DEBUG_INFO = NO;
				MTL_FAST_MATH = YES;
				SDKROOT = iphoneos;
				SWIFT_COMPILATION_MODE = wholemodule;
				SWIFT_OPTIMIZATION_LEVEL = "-O";
				VALIDATE_PRODUCT = YES;
			};
			name = Release;
		};
		A42573E028A9230500E12AE3 /* Debug */ = {
			isa = XCBuildConfiguration;
			buildSettings = {
				ASSETCATALOG_COMPILER_APPICON_NAME = AppIcon;
				ASSETCATALOG_COMPILER_GLOBAL_ACCENT_COLOR_NAME = AccentColor;
				CODE_SIGN_STYLE = Automatic;
				CURRENT_PROJECT_VERSION = 1;
				GENERATE_INFOPLIST_FILE = YES;
				INFOPLIST_FILE = PersonalProfile/Info.plist;
				INFOPLIST_KEY_UIApplicationSupportsIndirectInputEvents = YES;
				INFOPLIST_KEY_UILaunchStoryboardName = LaunchScreen;
				INFOPLIST_KEY_UISupportedInterfaceOrientations_iPad = "UIInterfaceOrientationPortrait UIInterfaceOrientationPortraitUpsideDown UIInterfaceOrientationLandscapeLeft UIInterfaceOrientationLandscapeRight";
				INFOPLIST_KEY_UISupportedInterfaceOrientations_iPhone = "UIInterfaceOrientationPortrait UIInterfaceOrientationLandscapeLeft UIInterfaceOrientationLandscapeRight";
				LD_RUNPATH_SEARCH_PATHS = (
					"$(inherited)",
					"@executable_path/Frameworks",
				);
				MARKETING_VERSION = 1.0;
				PRODUCT_BUNDLE_IDENTIFIER = "Mateus-Leal.PersonalProfile";
				PRODUCT_NAME = "$(TARGET_NAME)";
				SWIFT_EMIT_LOC_STRINGS = YES;
				SWIFT_VERSION = 5.0;
				TARGETED_DEVICE_FAMILY = "1,2";
			};
			name = Debug;
		};
		A42573E128A9230500E12AE3 /* Release */ = {
			isa = XCBuildConfiguration;
			buildSettings = {
				ASSETCATALOG_COMPILER_APPICON_NAME = AppIcon;
				ASSETCATALOG_COMPILER_GLOBAL_ACCENT_COLOR_NAME = AccentColor;
				CODE_SIGN_STYLE = Automatic;
				CURRENT_PROJECT_VERSION = 1;
				GENERATE_INFOPLIST_FILE = YES;
				INFOPLIST_FILE = PersonalProfile/Info.plist;
				INFOPLIST_KEY_UIApplicationSupportsIndirectInputEvents = YES;
				INFOPLIST_KEY_UILaunchStoryboardName = LaunchScreen;
				INFOPLIST_KEY_UISupportedInterfaceOrientations_iPad = "UIInterfaceOrientationPortrait UIInterfaceOrientationPortraitUpsideDown UIInterfaceOrientationLandscapeLeft UIInterfaceOrientationLandscapeRight";
				INFOPLIST_KEY_UISupportedInterfaceOrientations_iPhone = "UIInterfaceOrientationPortrait UIInterfaceOrientationLandscapeLeft UIInterfaceOrientationLandscapeRight";
				LD_RUNPATH_SEARCH_PATHS = (
					"$(inherited)",
					"@executable_path/Frameworks",
				);
				MARKETING_VERSION = 1.0;
				PRODUCT_BUNDLE_IDENTIFIER = "Mateus-Leal.PersonalProfile";
				PRODUCT_NAME = "$(TARGET_NAME)";
				SWIFT_EMIT_LOC_STRINGS = YES;
				SWIFT_VERSION = 5.0;
				TARGETED_DEVICE_FAMILY = "1,2";
			};
			name = Release;
		};
		A42573E328A9230500E12AE3 /* Debug */ = {
			isa = XCBuildConfiguration;
			buildSettings = {
				ALWAYS_EMBED_SWIFT_STANDARD_LIBRARIES = YES;
				BUNDLE_LOADER = "$(TEST_HOST)";
				CODE_SIGN_STYLE = Automatic;
				CURRENT_PROJECT_VERSION = 1;
				GENERATE_INFOPLIST_FILE = YES;
				IPHONEOS_DEPLOYMENT_TARGET = 15.2;
				MARKETING_VERSION = 1.0;
				PRODUCT_BUNDLE_IDENTIFIER = "Mateus-Leal.PersonalProfileTests";
				PRODUCT_NAME = "$(TARGET_NAME)";
				SWIFT_EMIT_LOC_STRINGS = NO;
				SWIFT_VERSION = 5.0;
				TARGETED_DEVICE_FAMILY = "1,2";
				TEST_HOST = "$(BUILT_PRODUCTS_DIR)/PersonalProfile.app/PersonalProfile";
			};
			name = Debug;
		};
		A42573E428A9230500E12AE3 /* Release */ = {
			isa = XCBuildConfiguration;
			buildSettings = {
				ALWAYS_EMBED_SWIFT_STANDARD_LIBRARIES = YES;
				BUNDLE_LOADER = "$(TEST_HOST)";
				CODE_SIGN_STYLE = Automatic;
				CURRENT_PROJECT_VERSION = 1;
				GENERATE_INFOPLIST_FILE = YES;
				IPHONEOS_DEPLOYMENT_TARGET = 15.2;
				MARKETING_VERSION = 1.0;
				PRODUCT_BUNDLE_IDENTIFIER = "Mateus-Leal.PersonalProfileTests";
				PRODUCT_NAME = "$(TARGET_NAME)";
				SWIFT_EMIT_LOC_STRINGS = NO;
				SWIFT_VERSION = 5.0;
				TARGETED_DEVICE_FAMILY = "1,2";
				TEST_HOST = "$(BUILT_PRODUCTS_DIR)/PersonalProfile.app/PersonalProfile";
			};
			name = Release;
		};
		A42573E628A9230500E12AE3 /* Debug */ = {
			isa = XCBuildConfiguration;
			buildSettings = {
				ALWAYS_EMBED_SWIFT_STANDARD_LIBRARIES = YES;
				CODE_SIGN_STYLE = Automatic;
				CURRENT_PROJECT_VERSION = 1;
				GENERATE_INFOPLIST_FILE = YES;
				MARKETING_VERSION = 1.0;
				PRODUCT_BUNDLE_IDENTIFIER = "Mateus-Leal.PersonalProfileUITests";
				PRODUCT_NAME = "$(TARGET_NAME)";
				SWIFT_EMIT_LOC_STRINGS = NO;
				SWIFT_VERSION = 5.0;
				TARGETED_DEVICE_FAMILY = "1,2";
				TEST_TARGET_NAME = PersonalProfile;
			};
			name = Debug;
		};
		A42573E728A9230500E12AE3 /* Release */ = {
			isa = XCBuildConfiguration;
			buildSettings = {
				ALWAYS_EMBED_SWIFT_STANDARD_LIBRARIES = YES;
				CODE_SIGN_STYLE = Automatic;
				CURRENT_PROJECT_VERSION = 1;
				GENERATE_INFOPLIST_FILE = YES;
				MARKETING_VERSION = 1.0;
				PRODUCT_BUNDLE_IDENTIFIER = "Mateus-Leal.PersonalProfileUITests";
				PRODUCT_NAME = "$(TARGET_NAME)";
				SWIFT_EMIT_LOC_STRINGS = NO;
				SWIFT_VERSION = 5.0;
				TARGETED_DEVICE_FAMILY = "1,2";
				TEST_TARGET_NAME = PersonalProfile;
			};
			name = Release;
		};
/* End XCBuildConfiguration section */

/* Begin XCConfigurationList section */
		A42573B028A9230400E12AE3 /* Build configuration list for PBXProject "PersonalProfile" */ = {
			isa = XCConfigurationList;
			buildConfigurations = (
				A42573DD28A9230500E12AE3 /* Debug */,
				A42573DE28A9230500E12AE3 /* Release */,
			);
			defaultConfigurationIsVisible = 0;
			defaultConfigurationName = Release;
		};
		A42573DF28A9230500E12AE3 /* Build configuration list for PBXNativeTarget "PersonalProfile" */ = {
			isa = XCConfigurationList;
			buildConfigurations = (
				A42573E028A9230500E12AE3 /* Debug */,
				A42573E128A9230500E12AE3 /* Release */,
			);
			defaultConfigurationIsVisible = 0;
			defaultConfigurationName = Release;
		};
		A42573E228A9230500E12AE3 /* Build configuration list for PBXNativeTarget "PersonalProfileTests" */ = {
			isa = XCConfigurationList;
			buildConfigurations = (
				A42573E328A9230500E12AE3 /* Debug */,
				A42573E428A9230500E12AE3 /* Release */,
			);
			defaultConfigurationIsVisible = 0;
			defaultConfigurationName = Release;
		};
		A42573E528A9230500E12AE3 /* Build configuration list for PBXNativeTarget "PersonalProfileUITests" */ = {
			isa = XCConfigurationList;
			buildConfigurations = (
				A42573E628A9230500E12AE3 /* Debug */,
				A42573E728A9230500E12AE3 /* Release */,
			);
			defaultConfigurationIsVisible = 0;
			defaultConfigurationName = Release;
		};
/* End XCConfigurationList section */
	};
	rootObject = A42573AD28A9230400E12AE3 /* Project object */;
}
